
Microsoft Visual Studio Solution File, Format Version 12.00
# Visual Studio Version 17
VisualStudioVersion = 17.5.002.0
MinimumVisualStudioVersion = 10.0.40219.1
Project("{9A19103F-16F7-4668-BE54-9A1E7A4F7556}") = "inicio", "inicio.csproj", "{8EB3B8D9-EEFF-4A3B-896B-65A86F5C4035}"
EndProject
Global
	GlobalSection(SolutionConfigurationPlatforms) = preSolution
		Debug|Any CPU = Debug|Any CPU
		Release|Any CPU = Release|Any CPU
	EndGlobalSection
	GlobalSection(ProjectConfigurationPlatforms) = postSolution
		{8EB3B8D9-EEFF-4A3B-896B-65A86F5C4035}.Debug|Any CPU.ActiveCfg = Debug|Any CPU
		{8EB3B8D9-EEFF-4A3B-896B-65A86F5C4035}.Debug|Any CPU.Build.0 = Debug|Any CPU
		{8EB3B8D9-EEFF-4A3B-896B-65A86F5C4035}.Release|Any CPU.ActiveCfg = Release|Any CPU
		{8EB3B8D9-EEFF-4A3B-896B-65A86F5C4035}.Release|Any CPU.Build.0 = Release|Any CPU
	EndGlobalSection
	GlobalSection(SolutionProperties) = preSolution
		HideSolutionNode = FALSE
	EndGlobalSection
	GlobalSection(ExtensibilityGlobals) = postSolution
		SolutionGuid = {946DFAF6-B4DA-4560-8548-818C5C542056}
	EndGlobalSection
EndGlobal
